// !$*UTF8*$!
{
	archiveVersion = 1;
	classes = {
	};
	objectVersion = 46;
	objects = {

/* Begin PBXBuildFile section */
		EC57F0D91FA9D34100BA7F0A /* main.m in Sources */ = {isa = PBXBuildFile; fileRef = EC57F0D81FA9D34100BA7F0A /* main.m */; };
		EC57F0DC1FA9D34100BA7F0A /* AppDelegate.m in Sources */ = {isa = PBXBuildFile; fileRef = EC57F0DB1FA9D34100BA7F0A /* AppDelegate.m */; };
		EC57F0DF1FA9D34100BA7F0A /* ViewController.m in Sources */ = {isa = PBXBuildFile; fileRef = EC57F0DE1FA9D34100BA7F0A /* ViewController.m */; };
		EC57F0E21FA9D34100BA7F0A /* Main.storyboard in Resources */ = {isa = PBXBuildFile; fileRef = EC57F0E01FA9D34100BA7F0A /* Main.storyboard */; };
		EC57F0E41FA9D34100BA7F0A /* Assets.xcassets in Resources */ = {isa = PBXBuildFile; fileRef = EC57F0E31FA9D34100BA7F0A /* Assets.xcassets */; };
		EC57F0E71FA9D34100BA7F0A /* LaunchScreen.storyboard in Resources */ = {isa = PBXBuildFile; fileRef = EC57F0E51FA9D34100BA7F0A /* LaunchScreen.storyboard */; };
		EC57F0F21FA9D34100BA7F0A /* CommoToolsTests.m in Sources */ = {isa = PBXBuildFile; fileRef = EC57F0F11FA9D34100BA7F0A /* CommoToolsTests.m */; };
		EC57F0FD1FA9D34100BA7F0A /* CommoToolsUITests.m in Sources */ = {isa = PBXBuildFile; fileRef = EC57F0FC1FA9D34100BA7F0A /* CommoToolsUITests.m */; };
		EC57F10D1FA9D37100BA7F0A /* Classes in Resources */ = {isa = PBXBuildFile; fileRef = EC57F10C1FA9D37100BA7F0A /* Classes */; };
/* End PBXBuildFile section */

/* Begin PBXContainerItemProxy section */
		EC57F0EE1FA9D34100BA7F0A /* PBXContainerItemProxy */ = {
			isa = PBXContainerItemProxy;
			containerPortal = EC57F0CC1FA9D34100BA7F0A /* Project object */;
			proxyType = 1;
			remoteGlobalIDString = EC57F0D31FA9D34100BA7F0A;
			remoteInfo = CommoTools;
		};
		EC57F0F91FA9D34100BA7F0A /* PBXContainerItemProxy */ = {
			isa = PBXContainerItemProxy;
			containerPortal = EC57F0CC1FA9D34100BA7F0A /* Project object */;
			proxyType = 1;
			remoteGlobalIDString = EC57F0D31FA9D34100BA7F0A;
			remoteInfo = CommoTools;
		};
/* End PBXContainerItemProxy section */

/* Begin PBXFileReference section */
		EC57F0D41FA9D34100BA7F0A /* CommoTools.app */ = {isa = PBXFileReference; explicitFileType = wrapper.application; includeInIndex = 0; path = CommoTools.app; sourceTree = BUILT_PRODUCTS_DIR; };
		EC57F0D81FA9D34100BA7F0A /* main.m */ = {isa = PBXFileReference; lastKnownFileType = sourcecode.c.objc; path = main.m; sourceTree = "<group>"; };
		EC57F0DA1FA9D34100BA7F0A /* AppDelegate.h */ = {isa = PBXFileReference; lastKnownFileType = sourcecode.c.h; path = AppDelegate.h; sourceTree = "<group>"; };
		EC57F0DB1FA9D34100BA7F0A /* AppDelegate.m */ = {isa = PBXFileReference; lastKnownFileType = sourcecode.c.objc; path = AppDelegate.m; sourceTree = "<group>"; };
		EC57F0DD1FA9D34100BA7F0A /* ViewController.h */ = {isa = PBXFileReference; lastKnownFileType = sourcecode.c.h; path = ViewController.h; sourceTree = "<group>"; };
		EC57F0DE1FA9D34100BA7F0A /* ViewController.m */ = {isa = PBXFileReference; lastKnownFileType = sourcecode.c.objc; path = ViewController.m; sourceTree = "<group>"; };
		EC57F0E11FA9D34100BA7F0A /* Base */ = {isa = PBXFileReference; lastKnownFileType = file.storyboard; name = Base; path = Base.lproj/Main.storyboard; sourceTree = "<group>"; };
		EC57F0E31FA9D34100BA7F0A /* Assets.xcassets */ = {isa = PBXFileReference; lastKnownFileType = folder.assetcatalog; path = Assets.xcassets; sourceTree = "<group>"; };
		EC57F0E61FA9D34100BA7F0A /* Base */ = {isa = PBXFileReference; lastKnownFileType = file.storyboard; name = Base; path = Base.lproj/LaunchScreen.storyboard; sourceTree = "<group>"; };
		EC57F0E81FA9D34100BA7F0A /* Info.plist */ = {isa = PBXFileReference; lastKnownFileType = text.plist.xml; path = Info.plist; sourceTree = "<group>"; };
		EC57F0ED1FA9D34100BA7F0A /* CommoToolsTests.xctest */ = {isa = PBXFileReference; explicitFileType = wrapper.cfbundle; includeInIndex = 0; path = CommoToolsTests.xctest; sourceTree = BUILT_PRODUCTS_DIR; };
		EC57F0F11FA9D34100BA7F0A /* CommoToolsTests.m */ = {isa = PBXFileReference; lastKnownFileType = sourcecode.c.objc; path = CommoToolsTests.m; sourceTree = "<group>"; };
		EC57F0F31FA9D34100BA7F0A /* Info.plist */ = {isa = PBXFileReference; lastKnownFileType = text.plist.xml; path = Info.plist; sourceTree = "<group>"; };
		EC57F0F81FA9D34100BA7F0A /* CommoToolsUITests.xctest */ = {isa = PBXFileReference; explicitFileType = wrapper.cfbundle; includeInIndex = 0; path = CommoToolsUITests.xctest; sourceTree = BUILT_PRODUCTS_DIR; };
		EC57F0FC1FA9D34100BA7F0A /* CommoToolsUITests.m */ = {isa = PBXFileReference; lastKnownFileType = sourcecode.c.objc; path = CommoToolsUITests.m; sourceTree = "<group>"; };
		EC57F0FE1FA9D34100BA7F0A /* Info.plist */ = {isa = PBXFileReference; lastKnownFileType = text.plist.xml; path = Info.plist; sourceTree = "<group>"; };
		EC57F10C1FA9D37100BA7F0A /* Classes */ = {isa = PBXFileReference; lastKnownFileType = folder; path = Classes; sourceTree = "<group>"; };
/* End PBXFileReference section */

/* Begin PBXFrameworksBuildPhase section */
		EC57F0D11FA9D34100BA7F0A /* Frameworks */ = {
			isa = PBXFrameworksBuildPhase;
			buildActionMask = 2147483647;
			files = (
			);
			runOnlyForDeploymentPostprocessing = 0;
		};
		EC57F0EA1FA9D34100BA7F0A /* Frameworks */ = {
			isa = PBXFrameworksBuildPhase;
			buildActionMask = 2147483647;
			files = (
			);
			runOnlyForDeploymentPostprocessing = 0;
		};
		EC57F0F51FA9D34100BA7F0A /* Frameworks */ = {
			isa = PBXFrameworksBuildPhase;
			buildActionMask = 2147483647;
			files = (
			);
			runOnlyForDeploymentPostprocessing = 0;
		};
/* End PBXFrameworksBuildPhase section */

/* Begin PBXGroup section */
		EC57F0CB1FA9D34100BA7F0A = {
			isa = PBXGroup;
			children = (
				EC57F0D61FA9D34100BA7F0A /* CommoTools */,
				EC57F0F01FA9D34100BA7F0A /* CommoToolsTests */,
				EC57F0FB1FA9D34100BA7F0A /* CommoToolsUITests */,
				EC57F0D51FA9D34100BA7F0A /* Products */,
			);
			sourceTree = "<group>";
		};
		EC57F0D51FA9D34100BA7F0A /* Products */ = {
			isa = PBXGroup;
			children = (
				EC57F0D41FA9D34100BA7F0A /* CommoTools.app */,
				EC57F0ED1FA9D34100BA7F0A /* CommoToolsTests.xctest */,
				EC57F0F81FA9D34100BA7F0A /* CommoToolsUITests.xctest */,
			);
			name = Products;
			sourceTree = "<group>";
		};
		EC57F0D61FA9D34100BA7F0A /* CommoTools */ = {
			isa = PBXGroup;
			children = (
				EC57F10C1FA9D37100BA7F0A /* Classes */,
				EC57F0DA1FA9D34100BA7F0A /* AppDelegate.h */,
				EC57F0DB1FA9D34100BA7F0A /* AppDelegate.m */,
				EC57F0DD1FA9D34100BA7F0A /* ViewController.h */,
				EC57F0DE1FA9D34100BA7F0A /* ViewController.m */,
				EC57F0E01FA9D34100BA7F0A /* Main.storyboard */,
				EC57F0E31FA9D34100BA7F0A /* Assets.xcassets */,
				EC57F0E51FA9D34100BA7F0A /* LaunchScreen.storyboard */,
				EC57F0E81FA9D34100BA7F0A /* Info.plist */,
				EC57F0D71FA9D34100BA7F0A /* Supporting Files */,
			);
			path = CommoTools;
			sourceTree = "<group>";
		};
		EC57F0D71FA9D34100BA7F0A /* Supporting Files */ = {
			isa = PBXGroup;
			children = (
				EC57F0D81FA9D34100BA7F0A /* main.m */,
			);
			name = "Supporting Files";
			sourceTree = "<group>";
		};
		EC57F0F01FA9D34100BA7F0A /* CommoToolsTests */ = {
			isa = PBXGroup;
			children = (
				EC57F0F11FA9D34100BA7F0A /* CommoToolsTests.m */,
				EC57F0F31FA9D34100BA7F0A /* Info.plist */,
			);
			path = CommoToolsTests;
			sourceTree = "<group>";
		};
		EC57F0FB1FA9D34100BA7F0A /* CommoToolsUITests */ = {
			isa = PBXGroup;
			children = (
				EC57F0FC1FA9D34100BA7F0A /* CommoToolsUITests.m */,
				EC57F0FE1FA9D34100BA7F0A /* Info.plist */,
			);
			path = CommoToolsUITests;
			sourceTree = "<group>";
		};
/* End PBXGroup section */

/* Begin PBXNativeTarget section */
		EC57F0D31FA9D34100BA7F0A /* CommoTools */ = {
			isa = PBXNativeTarget;
			buildConfigurationList = EC57F1011FA9D34100BA7F0A /* Build configuration list for PBXNativeTarget "CommoTools" */;
			buildPhases = (
				EC57F0D01FA9D34100BA7F0A /* Sources */,
				EC57F0D11FA9D34100BA7F0A /* Frameworks */,
				EC57F0D21FA9D34100BA7F0A /* Resources */,
			);
			buildRules = (
			);
			dependencies = (
			);
			name = CommoTools;
			productName = CommoTools;
			productReference = EC57F0D41FA9D34100BA7F0A /* CommoTools.app */;
			productType = "com.apple.product-type.application";
		};
		EC57F0EC1FA9D34100BA7F0A /* CommoToolsTests */ = {
			isa = PBXNativeTarget;
			buildConfigurationList = EC57F1041FA9D34100BA7F0A /* Build configuration list for PBXNativeTarget "CommoToolsTests" */;
			buildPhases = (
				EC57F0E91FA9D34100BA7F0A /* Sources */,
				EC57F0EA1FA9D34100BA7F0A /* Frameworks */,
				EC57F0EB1FA9D34100BA7F0A /* Resources */,
			);
			buildRules = (
			);
			dependencies = (
				EC57F0EF1FA9D34100BA7F0A /* PBXTargetDependency */,
			);
			name = CommoToolsTests;
			productName = CommoToolsTests;
			productReference = EC57F0ED1FA9D34100BA7F0A /* CommoToolsTests.xctest */;
			productType = "com.apple.product-type.bundle.unit-test";
		};
		EC57F0F71FA9D34100BA7F0A /* CommoToolsUITests */ = {
			isa = PBXNativeTarget;
			buildConfigurationList = EC57F1071FA9D34100BA7F0A /* Build configuration list for PBXNativeTarget "CommoToolsUITests" */;
			buildPhases = (
				EC57F0F41FA9D34100BA7F0A /* Sources */,
				EC57F0F51FA9D34100BA7F0A /* Frameworks */,
				EC57F0F61FA9D34100BA7F0A /* Resources */,
			);
			buildRules = (
			);
			dependencies = (
				EC57F0FA1FA9D34100BA7F0A /* PBXTargetDependency */,
			);
			name = CommoToolsUITests;
			productName = CommoToolsUITests;
			productReference = EC57F0F81FA9D34100BA7F0A /* CommoToolsUITests.xctest */;
			productType = "com.apple.product-type.bundle.ui-testing";
		};
/* End PBXNativeTarget section */

/* Begin PBXProject section */
		EC57F0CC1FA9D34100BA7F0A /* Project object */ = {
			isa = PBXProject;
			attributes = {
				LastUpgradeCheck = 0820;
				ORGANIZATIONNAME = ShaJin;
				TargetAttributes = {
					EC57F0D31FA9D34100BA7F0A = {
						CreatedOnToolsVersion = 8.2.1;
						DevelopmentTeam = SYU66478L4;
						ProvisioningStyle = Automatic;
					};
					EC57F0EC1FA9D34100BA7F0A = {
						CreatedOnToolsVersion = 8.2.1;
						DevelopmentTeam = SYU66478L4;
						ProvisioningStyle = Automatic;
						TestTargetID = EC57F0D31FA9D34100BA7F0A;
					};
					EC57F0F71FA9D34100BA7F0A = {
						CreatedOnToolsVersion = 8.2.1;
						DevelopmentTeam = SYU66478L4;
						ProvisioningStyle = Automatic;
						TestTargetID = EC57F0D31FA9D34100BA7F0A;
					};
				};
			};
			buildConfigurationList = EC57F0CF1FA9D34100BA7F0A /* Build configuration list for PBXProject "CommoTools" */;
			compatibilityVersion = "Xcode 3.2";
			developmentRegion = English;
			hasScannedForEncodings = 0;
			knownRegions = (
				en,
				Base,
			);
			mainGroup = EC57F0CB1FA9D34100BA7F0A;
			productRefGroup = EC57F0D51FA9D34100BA7F0A /* Products */;
			projectDirPath = "";
			projectRoot = "";
			targets = (
				EC57F0D31FA9D34100BA7F0A /* CommoTools */,
				EC57F0EC1FA9D34100BA7F0A /* CommoToolsTests */,
				EC57F0F71FA9D34100BA7F0A /* CommoToolsUITests */,
			);
		};
/* End PBXProject section */

/* Begin PBXResourcesBuildPhase section */
		EC57F0D21FA9D34100BA7F0A /* Resources */ = {
			isa = PBXResourcesBuildPhase;
			buildActionMask = 2147483647;
			files = (
				EC57F0E71FA9D34100BA7F0A /* LaunchScreen.storyboard in Resources */,
				EC57F10D1FA9D37100BA7F0A /* Classes in Resources */,
				EC57F0E41FA9D34100BA7F0A /* Assets.xcassets in Resources */,
				EC57F0E21FA9D34100BA7F0A /* Main.storyboard in Resources */,
			);
			runOnlyForDeploymentPostprocessing = 0;
		};
		EC57F0EB1FA9D34100BA7F0A /* Resources */ = {
			isa = PBXResourcesBuildPhase;
			buildActionMask = 2147483647;
			files = (
			);
			runOnlyForDeploymentPostprocessing = 0;
		};
		EC57F0F61FA9D34100BA7F0A /* Resources */ = {
			isa = PBXResourcesBuildPhase;
			buildActionMask = 2147483647;
			files = (
			);
			runOnlyForDeploymentPostprocessing = 0;
		};
/* End PBXResourcesBuildPhase section */

/* Begin PBXSourcesBuildPhase section */
		EC57F0D01FA9D34100BA7F0A /* Sources */ = {
			isa = PBXSourcesBuildPhase;
			buildActionMask = 2147483647;
			files = (
				EC57F0DF1FA9D34100BA7F0A /* ViewController.m in Sources */,
				EC57F0DC1FA9D34100BA7F0A /* AppDelegate.m in Sources */,
				EC57F0D91FA9D34100BA7F0A /* main.m in Sources */,
			);
			runOnlyForDeploymentPostprocessing = 0;
		};
		EC57F0E91FA9D34100BA7F0A /* Sources */ = {
			isa = PBXSourcesBuildPhase;
			buildActionMask = 2147483647;
			files = (
				EC57F0F21FA9D34100BA7F0A /* CommoToolsTests.m in Sources */,
			);
			runOnlyForDeploymentPostprocessing = 0;
		};
		EC57F0F41FA9D34100BA7F0A /* Sources */ = {
			isa = PBXSourcesBuildPhase;
			buildActionMask = 2147483647;
			files = (
				EC57F0FD1FA9D34100BA7F0A /* CommoToolsUITests.m in Sources */,
			);
			runOnlyForDeploymentPostprocessing = 0;
		};
/* End PBXSourcesBuildPhase section */

/* Begin PBXTargetDependency section */
		EC57F0EF1FA9D34100BA7F0A /* PBXTargetDependency */ = {
			isa = PBXTargetDependency;
			target = EC57F0D31FA9D34100BA7F0A /* CommoTools */;
			targetProxy = EC57F0EE1FA9D34100BA7F0A /* PBXContainerItemProxy */;
		};
		EC57F0FA1FA9D34100BA7F0A /* PBXTargetDependency */ = {
			isa = PBXTargetDependency;
			target = EC57F0D31FA9D34100BA7F0A /* CommoTools */;
			targetProxy = EC57F0F91FA9D34100BA7F0A /* PBXContainerItemProxy */;
		};
/* End PBXTargetDependency section */

/* Begin PBXVariantGroup section */
		EC57F0E01FA9D34100BA7F0A /* Main.storyboard */ = {
			isa = PBXVariantGroup;
			children = (
				EC57F0E11FA9D34100BA7F0A /* Base */,
			);
			name = Main.storyboard;
			sourceTree = "<group>";
		};
		EC57F0E51FA9D34100BA7F0A /* LaunchScreen.storyboard */ = {
			isa = PBXVariantGroup;
			children = (
				EC57F0E61FA9D34100BA7F0A /* Base */,
			);
			name = LaunchScreen.storyboard;
			sourceTree = "<group>";
		};
/* End PBXVariantGroup section */

/* Begin XCBuildConfiguration section */
		EC57F0FF1FA9D34100BA7F0A /* Debug */ = {
			isa = XCBuildConfiguration;
			buildSettings = {
				ALWAYS_SEARCH_USER_PATHS = NO;
				CLANG_ANALYZER_NONNULL = YES;
				CLANG_CXX_LANGUAGE_STANDARD = "gnu++0x";
				CLANG_CXX_LIBRARY = "libc++";
				CLANG_ENABLE_MODULES = YES;
				CLANG_ENABLE_OBJC_ARC = YES;
				CLANG_WARN_BOOL_CONVERSION = YES;
				CLANG_WARN_CONSTANT_CONVERSION = YES;
				CLANG_WARN_DIRECT_OBJC_ISA_USAGE = YES_ERROR;
				CLANG_WARN_DOCUMENTATION_COMMENTS = YES;
				CLANG_WARN_EMPTY_BODY = YES;
				CLANG_WARN_ENUM_CONVERSION = YES;
				CLANG_WARN_INFINITE_RECURSION = YES;
				CLANG_WARN_INT_CONVERSION = YES;
				CLANG_WARN_OBJC_ROOT_CLASS = YES_ERROR;
				CLANG_WARN_SUSPICIOUS_MOVE = YES;
				CLANG_WARN_UNREACHABLE_CODE = YES;
				CLANG_WARN__DUPLICATE_METHOD_MATCH = YES;
				"CODE_SIGN_IDENTITY[sdk=iphoneos*]" = "iPhone Developer";
				COPY_PHASE_STRIP = NO;
				DEBUG_INFORMATION_FORMAT = dwarf;
				ENABLE_STRICT_OBJC_MSGSEND = YES;
				ENABLE_TESTABILITY = YES;
				GCC_C_LANGUAGE_STANDARD = gnu99;
				GCC_DYNAMIC_NO_PIC = NO;
				GCC_NO_COMMON_BLOCKS = YES;
				GCC_OPTIMIZATION_LEVEL = 0;
				GCC_PREPROCESSOR_DEFINITIONS = (
					"DEBUG=1",
					"$(inherited)",
				);
				GCC_WARN_64_TO_32_BIT_CONVERSION = YES;
				GCC_WARN_ABOUT_RETURN_TYPE = YES_ERROR;
				GCC_WARN_UNDECLARED_SELECTOR = YES;
				GCC_WARN_UNINITIALIZED_AUTOS = YES_AGGRESSIVE;
				GCC_WARN_UNUSED_FUNCTION = YES;
				GCC_WARN_UNUSED_VARIABLE = YES;
				IPHONEOS_DEPLOYMENT_TARGET = 10.2;
				MTL_ENABLE_DEBUG_INFO = YES;
				ONLY_ACTIVE_ARCH = YES;
				SDKROOT = iphoneos;
			};
			name = Debug;
		};
		EC57F1001FA9D34100BA7F0A /* Release */ = {
			isa = XCBuildConfiguration;
			buildSettings = {
				ALWAYS_SEARCH_USER_PATHS = NO;
				CLANG_ANALYZER_NONNULL = YES;
				CLANG_CXX_LANGUAGE_STANDARD = "gnu++0x";
				CLANG_CXX_LIBRARY = "libc++";
				CLANG_ENABLE_MODULES = YES;
				CLANG_ENABLE_OBJC_ARC = YES;
				CLANG_WARN_BOOL_CONVERSION = YES;
				CLANG_WARN_CONSTANT_CONVERSION = YES;
				CLANG_WARN_DIRECT_OBJC_ISA_USAGE = YES_ERROR;
				CLANG_WARN_DOCUMENTATION_COMMENTS = YES;
				CLANG_WARN_EMPTY_BODY = YES;
				CLANG_WARN_ENUM_CONVERSION = YES;
				CLANG_WARN_INFINITE_RECURSION = YES;
				CLANG_WARN_INT_CONVERSION = YES;
				CLANG_WARN_OBJC_ROOT_CLASS = YES_ERROR;
				CLANG_WARN_SUSPICIOUS_MOVE = YES;
				CLANG_WARN_UNREACHABLE_CODE = YES;
				CLANG_WARN__DUPLICATE_METHOD_MATCH = YES;
				"CODE_SIGN_IDENTITY[sdk=iphoneos*]" = "iPhone Developer";
				COPY_PHASE_STRIP = NO;
				DEBUG_INFORMATION_FORMAT = "dwarf-with-dsym";
				ENABLE_NS_ASSERTIONS = NO;
				ENABLE_STRICT_OBJC_MSGSEND = YES;
				GCC_C_LANGUAGE_STANDARD = gnu99;
				GCC_NO_COMMON_BLOCKS = YES;
				GCC_WARN_64_TO_32_BIT_CONVERSION = YES;
				GCC_WARN_ABOUT_RETURN_TYPE = YES_ERROR;
				GCC_WARN_UNDECLARED_SELECTOR = YES;
				GCC_WARN_UNINITIALIZED_AUTOS = YES_AGGRESSIVE;
				GCC_WARN_UNUSED_FUNCTION = YES;
				GCC_WARN_UNUSED_VARIABLE = YES;
				IPHONEOS_DEPLOYMENT_TARGET = 10.2;
				MTL_ENABLE_DEBUG_INFO = NO;
				SDKROOT = iphoneos;
				VALIDATE_PRODUCT = YES;
			};
			name = Release;
		};
		EC57F1021FA9D34100BA7F0A /* Debug */ = {
			isa = XCBuildConfiguration;
			buildSettings = {
				ASSETCATALOG_COMPILER_APPICON_NAME = AppIcon;
				DEVELOPMENT_TEAM = SYU66478L4;
				INFOPLIST_FILE = CommoTools/Info.plist;
				LD_RUNPATH_SEARCH_PATHS = "$(inherited) @executable_path/Frameworks";
				PRODUCT_BUNDLE_IDENTIFIER = "--.CommoTools";
				PRODUCT_NAME = "$(TARGET_NAME)";
			};
			name = Debug;
		};
		EC57F1031FA9D34100BA7F0A /* Release */ = {
			isa = XCBuildConfiguration;
			buildSettings = {
				ASSETCATALOG_COMPILER_APPICON_NAME = AppIcon;
				DEVELOPMENT_TEAM = SYU66478L4;
				INFOPLIST_FILE = CommoTools/Info.plist;
				LD_RUNPATH_SEARCH_PATHS = "$(inherited) @executable_path/Frameworks";
				PRODUCT_BUNDLE_IDENTIFIER = "--.CommoTools";
				PRODUCT_NAME = "$(TARGET_NAME)";
			};
			name = Release;
		};
		EC57F1051FA9D34100BA7F0A /* Debug */ = {
			isa = XCBuildConfiguration;
			buildSettings = {
				BUNDLE_LOADER = "$(TEST_HOST)";
				DEVELOPMENT_TEAM = SYU66478L4;
				INFOPLIST_FILE = CommoToolsTests/Info.plist;
				LD_RUNPATH_SEARCH_PATHS = "$(inherited) @executable_path/Frameworks @loader_path/Frameworks";
				PRODUCT_BUNDLE_IDENTIFIER = "--.CommoToolsTests";
				PRODUCT_NAME = "$(TARGET_NAME)";
				TEST_HOST = "$(BUILT_PRODUCTS_DIR)/CommoTools.app/CommoTools";
			};
			name = Debug;
		};
		EC57F1061FA9D34100BA7F0A /* Release */ = {
			isa = XCBuildConfiguration;
			buildSettings = {
				BUNDLE_LOADER = "$(TEST_HOST)";
				DEVELOPMENT_TEAM = SYU66478L4;
				INFOPLIST_FILE = CommoToolsTests/Info.plist;
				LD_RUNPATH_SEARCH_PATHS = "$(inherited) @executable_path/Frameworks @loader_path/Frameworks";
				PRODUCT_BUNDLE_IDENTIFIER = "--.CommoToolsTests";
				PRODUCT_NAME = "$(TARGET_NAME)";
				TEST_HOST = "$(BUILT_PRODUCTS_DIR)/CommoTools.app/CommoTools";
			};
			name = Release;
		};
		EC57F1081FA9D34100BA7F0A /* Debug */ = {
			isa = XCBuildConfiguration;
			buildSettings = {
				DEVELOPMENT_TEAM = SYU66478L4;
				INFOPLIST_FILE = CommoToolsUITests/Info.plist;
				LD_RUNPATH_SEARCH_PATHS = "$(inherited) @executable_path/Frameworks @loader_path/Frameworks";
				PRODUCT_BUNDLE_IDENTIFIER = "--.CommoToolsUITests";
				PRODUCT_NAME = "$(TARGET_NAME)";
				TEST_TARGET_NAME = CommoTools;
			};
			name = Debug;
		};
		EC57F1091FA9D34100BA7F0A /* Release */ = {
			isa = XCBuildConfiguration;
			buildSettings = {
				DEVELOPMENT_TEAM = SYU66478L4;
				INFOPLIST_FILE = CommoToolsUITests/Info.plist;
				LD_RUNPATH_SEARCH_PATHS = "$(inherited) @executable_path/Frameworks @loader_path/Frameworks";
				PRODUCT_BUNDLE_IDENTIFIER = "--.CommoToolsUITests";
				PRODUCT_NAME = "$(TARGET_NAME)";
				TEST_TARGET_NAME = CommoTools;
			};
			name = Release;
		};
/* End XCBuildConfiguration section */

/* Begin XCConfigurationList section */
		EC57F0CF1FA9D34100BA7F0A /* Build configuration list for PBXProject "CommoTools" */ = {
			isa = XCConfigurationList;
			buildConfigurations = (
				EC57F0FF1FA9D34100BA7F0A /* Debug */,
				EC57F1001FA9D34100BA7F0A /* Release */,
			);
			defaultConfigurationIsVisible = 0;
			defaultConfigurationName = Release;
		};
		EC57F1011FA9D34100BA7F0A /* Build configuration list for PBXNativeTarget "CommoTools" */ = {
			isa = XCConfigurationList;
			buildConfigurations = (
				EC57F1021FA9D34100BA7F0A /* Debug */,
				EC57F1031FA9D34100BA7F0A /* Release */,
			);
			defaultConfigurationIsVisible = 0;
		};
		EC57F1041FA9D34100BA7F0A /* Build configuration list for PBXNativeTarget "CommoToolsTests" */ = {
			isa = XCConfigurationList;
			buildConfigurations = (
				EC57F1051FA9D34100BA7F0A /* Debug */,
				EC57F1061FA9D34100BA7F0A /* Release */,
			);
			defaultConfigurationIsVisible = 0;
		};
		EC57F1071FA9D34100BA7F0A /* Build configuration list for PBXNativeTarget "CommoToolsUITests" */ = {
			isa = XCConfigurationList;
			buildConfigurations = (
				EC57F1081FA9D34100BA7F0A /* Debug */,
				EC57F1091FA9D34100BA7F0A /* Release */,
			);
			defaultConfigurationIsVisible = 0;
		};
/* End XCConfigurationList section */
	};
	rootObject = EC57F0CC1FA9D34100BA7F0A /* Project object */;
}
